
Microsoft Visual Studio Solution File, Format Version 12.00
# Visual Studio 14
VisualStudioVersion = 14.0.25420.1
MinimumVisualStudioVersion = 10.0.40219.1
Project("{8BC9CEB8-8B4A-11D0-8D11-00A0C91BC942}") = "Study_GROW", "Study_GROW\Study_GROW.vcxproj", "{02CCBE28-6E5F-448C-A3C9-B07D6CB0482A}"
EndProject
Project("{8BC9CEB8-8B4A-11D0-8D11-00A0C91BC942}") = "Study_GROW_02", "Study_GROW_02\Study_GROW_02.vcxproj", "{1F4E30F7-F49E-4F5D-88B0-8D5901EA6AEC}"
EndProject
Project("{8BC9CEB8-8B4A-11D0-8D11-00A0C91BC942}") = "Study_GROW_02_2", "Study_GROW_02_2\Study_GROW_02_2.vcxproj", "{1701A9B5-7B04-4BBC-92EF-D7EA1A2C408F}"
EndProject
Project("{8BC9CEB8-8B4A-11D0-8D11-00A0C91BC942}") = "Study_Re", "Study_Re\Study_Re.vcxproj", "{C29E75A8-6A96-46AA-9985-03B3510607D7}"
EndProject
Project("{8BC9CEB8-8B4A-11D0-8D11-00A0C91BC942}") = "Study_GROW_03_1", "Study_GROW_03_1\Study_GROW_03_1.vcxproj", "{C6DA3AE9-C1E8-4FDF-B974-319153D2B11F}"
EndProject
Project("{8BC9CEB8-8B4A-11D0-8D11-00A0C91BC942}") = "Study_GROW_04_1", "Study_GROW_04_1\Study_GROW_04_1.vcxproj", "{F4E0F57F-84BD-4845-BA15-84405BF12AEA}"
EndProject
Project("{8BC9CEB8-8B4A-11D0-8D11-00A0C91BC942}") = "Study_GROW_04_2", "Study_GROW_04_2\Study_GROW_04_2.vcxproj", "{DEE4ECBA-2E28-4B51-A985-03F1F50BC9D4}"
EndProject
Project("{8BC9CEB8-8B4A-11D0-8D11-00A0C91BC942}") = "Study_GROW_04_3", "Study_GROW_04_3\Study_GROW_04_3.vcxproj", "{CD1ADA60-2A9D-4942-A529-21BF5FEF511E}"
EndProject
Project("{8BC9CEB8-8B4A-11D0-8D11-00A0C91BC942}") = "Study_GROW_05_1", "Study_GROW_05_1\Study_GROW_05_1.vcxproj", "{4AE4DDA4-D0FF-4434-9E91-0A8687D95FF2}"
EndProject
Project("{8BC9CEB8-8B4A-11D0-8D11-00A0C91BC942}") = "Study_GROW_05_2", "Study_GROW_05_2\Study_GROW_05_2.vcxproj", "{DE902AEC-0041-4120-A5A8-842E4B1853EE}"
EndProject
Project("{8BC9CEB8-8B4A-11D0-8D11-00A0C91BC942}") = "Study_GROW_07_1", "Study_GROW_07_1\Study_GROW_07_1.vcxproj", "{84564B95-7717-4529-BE40-7F8F04E03EA2}"
EndProject
Project("{8BC9CEB8-8B4A-11D0-8D11-00A0C91BC942}") = "Study_GROW_07_2", "Study_GROW_07_2\Study_GROW_07_2.vcxproj", "{3EE25786-1A0B-4D4E-86C2-A70E718A3416}"
EndProject
Project("{8BC9CEB8-8B4A-11D0-8D11-00A0C91BC942}") = "Study_GROW_08_1", "Study_GROW_08_1\Study_GROW_08_1.vcxproj", "{F14E21B3-87DB-47A3-B52D-36787AD06454}"
EndProject
Project("{8BC9CEB8-8B4A-11D0-8D11-00A0C91BC942}") = "Study_GROW_08_2", "Study_GROW_08_2\Study_GROW_08_2.vcxproj", "{540574A7-F754-4F1D-B57C-6AD18B4423C6}"
EndProject
Project("{8BC9CEB8-8B4A-11D0-8D11-00A0C91BC942}") = "Study_GROW_09_1", "Study_GROW_09_1\Study_GROW_09_1.vcxproj", "{9A7284AB-37B7-4A9C-9401-58A5B394BFF5}"
EndProject
Project("{8BC9CEB8-8B4A-11D0-8D11-00A0C91BC942}") = "Study_GROW_09_2", "Study_GROW_09_2\Study_GROW_09_2.vcxproj", "{0F63A25D-4434-4639-952A-8122179D19DE}"
EndProject
Project("{8BC9CEB8-8B4A-11D0-8D11-00A0C91BC942}") = "Study_GROW_09_3", "Study_GROW_09_3\Study_GROW_09_3.vcxproj", "{9B74E7E9-E292-4580-A454-926A5EB4F38F}"
EndProject
Global
	GlobalSection(SolutionConfigurationPlatforms) = preSolution
		Debug|x64 = Debug|x64
		Debug|x86 = Debug|x86
		Release|x64 = Release|x64
		Release|x86 = Release|x86
	EndGlobalSection
	GlobalSection(ProjectConfigurationPlatforms) = postSolution
		{02CCBE28-6E5F-448C-A3C9-B07D6CB0482A}.Debug|x64.ActiveCfg = Debug|x64
		{02CCBE28-6E5F-448C-A3C9-B07D6CB0482A}.Debug|x64.Build.0 = Debug|x64
		{02CCBE28-6E5F-448C-A3C9-B07D6CB0482A}.Debug|x86.ActiveCfg = Debug|Win32
		{02CCBE28-6E5F-448C-A3C9-B07D6CB0482A}.Debug|x86.Build.0 = Debug|Win32
		{02CCBE28-6E5F-448C-A3C9-B07D6CB0482A}.Release|x64.ActiveCfg = Release|x64
		{02CCBE28-6E5F-448C-A3C9-B07D6CB0482A}.Release|x64.Build.0 = Release|x64
		{02CCBE28-6E5F-448C-A3C9-B07D6CB0482A}.Release|x86.ActiveCfg = Release|Win32
		{02CCBE28-6E5F-448C-A3C9-B07D6CB0482A}.Release|x86.Build.0 = Release|Win32
		{1F4E30F7-F49E-4F5D-88B0-8D5901EA6AEC}.Debug|x64.ActiveCfg = Debug|x64
		{1F4E30F7-F49E-4F5D-88B0-8D5901EA6AEC}.Debug|x64.Build.0 = Debug|x64
		{1F4E30F7-F49E-4F5D-88B0-8D5901EA6AEC}.Debug|x86.ActiveCfg = Debug|Win32
		{1F4E30F7-F49E-4F5D-88B0-8D5901EA6AEC}.Debug|x86.Build.0 = Debug|Win32
		{1F4E30F7-F49E-4F5D-88B0-8D5901EA6AEC}.Release|x64.ActiveCfg = Release|x64
		{1F4E30F7-F49E-4F5D-88B0-8D5901EA6AEC}.Release|x64.Build.0 = Release|x64
		{1F4E30F7-F49E-4F5D-88B0-8D5901EA6AEC}.Release|x86.ActiveCfg = Release|Win32
		{1F4E30F7-F49E-4F5D-88B0-8D5901EA6AEC}.Release|x86.Build.0 = Release|Win32
		{1701A9B5-7B04-4BBC-92EF-D7EA1A2C408F}.Debug|x64.ActiveCfg = Debug|x64
		{1701A9B5-7B04-4BBC-92EF-D7EA1A2C408F}.Debug|x64.Build.0 = Debug|x64
		{1701A9B5-7B04-4BBC-92EF-D7EA1A2C408F}.Debug|x86.ActiveCfg = Debug|Win32
		{1701A9B5-7B04-4BBC-92EF-D7EA1A2C408F}.Debug|x86.Build.0 = Debug|Win32
		{1701A9B5-7B04-4BBC-92EF-D7EA1A2C408F}.Release|x64.ActiveCfg = Release|x64
		{1701A9B5-7B04-4BBC-92EF-D7EA1A2C408F}.Release|x64.Build.0 = Release|x64
		{1701A9B5-7B04-4BBC-92EF-D7EA1A2C408F}.Release|x86.ActiveCfg = Release|Win32
		{1701A9B5-7B04-4BBC-92EF-D7EA1A2C408F}.Release|x86.Build.0 = Release|Win32
		{C29E75A8-6A96-46AA-9985-03B3510607D7}.Debug|x64.ActiveCfg = Debug|x64
		{C29E75A8-6A96-46AA-9985-03B3510607D7}.Debug|x64.Build.0 = Debug|x64
		{C29E75A8-6A96-46AA-9985-03B3510607D7}.Debug|x86.ActiveCfg = Debug|Win32
		{C29E75A8-6A96-46AA-9985-03B3510607D7}.Debug|x86.Build.0 = Debug|Win32
		{C29E75A8-6A96-46AA-9985-03B3510607D7}.Release|x64.ActiveCfg = Release|x64
		{C29E75A8-6A96-46AA-9985-03B3510607D7}.Release|x64.Build.0 = Release|x64
		{C29E75A8-6A96-46AA-9985-03B3510607D7}.Release|x86.ActiveCfg = Release|Win32
		{C29E75A8-6A96-46AA-9985-03B3510607D7}.Release|x86.Build.0 = Release|Win32
		{C6DA3AE9-C1E8-4FDF-B974-319153D2B11F}.Debug|x64.ActiveCfg = Debug|x64
		{C6DA3AE9-C1E8-4FDF-B974-319153D2B11F}.Debug|x64.Build.0 = Debug|x64
		{C6DA3AE9-C1E8-4FDF-B974-319153D2B11F}.Debug|x86.ActiveCfg = Debug|Win32
		{C6DA3AE9-C1E8-4FDF-B974-319153D2B11F}.Debug|x86.Build.0 = Debug|Win32
		{C6DA3AE9-C1E8-4FDF-B974-319153D2B11F}.Release|x64.ActiveCfg = Release|x64
		{C6DA3AE9-C1E8-4FDF-B974-319153D2B11F}.Release|x64.Build.0 = Release|x64
		{C6DA3AE9-C1E8-4FDF-B974-319153D2B11F}.Release|x86.ActiveCfg = Release|Win32
		{C6DA3AE9-C1E8-4FDF-B974-319153D2B11F}.Release|x86.Build.0 = Release|Win32
		{F4E0F57F-84BD-4845-BA15-84405BF12AEA}.Debug|x64.ActiveCfg = Debug|x64
		{F4E0F57F-84BD-4845-BA15-84405BF12AEA}.Debug|x64.Build.0 = Debug|x64
		{F4E0F57F-84BD-4845-BA15-84405BF12AEA}.Debug|x86.ActiveCfg = Debug|Win32
		{F4E0F57F-84BD-4845-BA15-84405BF12AEA}.Debug|x86.Build.0 = Debug|Win32
		{F4E0F57F-84BD-4845-BA15-84405BF12AEA}.Release|x64.ActiveCfg = Release|x64
		{F4E0F57F-84BD-4845-BA15-84405BF12AEA}.Release|x64.Build.0 = Release|x64
		{F4E0F57F-84BD-4845-BA15-84405BF12AEA}.Release|x86.ActiveCfg = Release|Win32
		{F4E0F57F-84BD-4845-BA15-84405BF12AEA}.Release|x86.Build.0 = Release|Win32
		{DEE4ECBA-2E28-4B51-A985-03F1F50BC9D4}.Debug|x64.ActiveCfg = Debug|x64
		{DEE4ECBA-2E28-4B51-A985-03F1F50BC9D4}.Debug|x64.Build.0 = Debug|x64
		{DEE4ECBA-2E28-4B51-A985-03F1F50BC9D4}.Debug|x86.ActiveCfg = Debug|Win32
		{DEE4ECBA-2E28-4B51-A985-03F1F50BC9D4}.Debug|x86.Build.0 = Debug|Win32
		{DEE4ECBA-2E28-4B51-A985-03F1F50BC9D4}.Release|x64.ActiveCfg = Release|x64
		{DEE4ECBA-2E28-4B51-A985-03F1F50BC9D4}.Release|x64.Build.0 = Release|x64
		{DEE4ECBA-2E28-4B51-A985-03F1F50BC9D4}.Release|x86.ActiveCfg = Release|Win32
		{DEE4ECBA-2E28-4B51-A985-03F1F50BC9D4}.Release|x86.Build.0 = Release|Win32
		{CD1ADA60-2A9D-4942-A529-21BF5FEF511E}.Debug|x64.ActiveCfg = Debug|x64
		{CD1ADA60-2A9D-4942-A529-21BF5FEF511E}.Debug|x64.Build.0 = Debug|x64
		{CD1ADA60-2A9D-4942-A529-21BF5FEF511E}.Debug|x86.ActiveCfg = Debug|Win32
		{CD1ADA60-2A9D-4942-A529-21BF5FEF511E}.Debug|x86.Build.0 = Debug|Win32
		{CD1ADA60-2A9D-4942-A529-21BF5FEF511E}.Release|x64.ActiveCfg = Release|x64
		{CD1ADA60-2A9D-4942-A529-21BF5FEF511E}.Release|x64.Build.0 = Release|x64
		{CD1ADA60-2A9D-4942-A529-21BF5FEF511E}.Release|x86.ActiveCfg = Release|Win32
		{CD1ADA60-2A9D-4942-A529-21BF5FEF511E}.Release|x86.Build.0 = Release|Win32
		{4AE4DDA4-D0FF-4434-9E91-0A8687D95FF2}.Debug|x64.ActiveCfg = Debug|x64
		{4AE4DDA4-D0FF-4434-9E91-0A8687D95FF2}.Debug|x64.Build.0 = Debug|x64
		{4AE4DDA4-D0FF-4434-9E91-0A8687D95FF2}.Debug|x86.ActiveCfg = Debug|Win32
		{4AE4DDA4-D0FF-4434-9E91-0A8687D95FF2}.Debug|x86.Build.0 = Debug|Win32
		{4AE4DDA4-D0FF-4434-9E91-0A8687D95FF2}.Release|x64.ActiveCfg = Release|x64
		{4AE4DDA4-D0FF-4434-9E91-0A8687D95FF2}.Release|x64.Build.0 = Release|x64
		{4AE4DDA4-D0FF-4434-9E91-0A8687D95FF2}.Release|x86.ActiveCfg = Release|Win32
		{4AE4DDA4-D0FF-4434-9E91-0A8687D95FF2}.Release|x86.Build.0 = Release|Win32
		{DE902AEC-0041-4120-A5A8-842E4B1853EE}.Debug|x64.ActiveCfg = Debug|x64
		{DE902AEC-0041-4120-A5A8-842E4B1853EE}.Debug|x64.Build.0 = Debug|x64
		{DE902AEC-0041-4120-A5A8-842E4B1853EE}.Debug|x86.ActiveCfg = Debug|Win32
		{DE902AEC-0041-4120-A5A8-842E4B1853EE}.Debug|x86.Build.0 = Debug|Win32
		{DE902AEC-0041-4120-A5A8-842E4B1853EE}.Release|x64.ActiveCfg = Release|x64
		{DE902AEC-0041-4120-A5A8-842E4B1853EE}.Release|x64.Build.0 = Release|x64
		{DE902AEC-0041-4120-A5A8-842E4B1853EE}.Release|x86.ActiveCfg = Release|Win32
		{DE902AEC-0041-4120-A5A8-842E4B1853EE}.Release|x86.Build.0 = Release|Win32
		{84564B95-7717-4529-BE40-7F8F04E03EA2}.Debug|x64.ActiveCfg = Debug|x64
		{84564B95-7717-4529-BE40-7F8F04E03EA2}.Debug|x64.Build.0 = Debug|x64
		{84564B95-7717-4529-BE40-7F8F04E03EA2}.Debug|x86.ActiveCfg = Debug|Win32
		{84564B95-7717-4529-BE40-7F8F04E03EA2}.Debug|x86.Build.0 = Debug|Win32
		{84564B95-7717-4529-BE40-7F8F04E03EA2}.Release|x64.ActiveCfg = Release|x64
		{84564B95-7717-4529-BE40-7F8F04E03EA2}.Release|x64.Build.0 = Release|x64
		{84564B95-7717-4529-BE40-7F8F04E03EA2}.Release|x86.ActiveCfg = Release|Win32
		{84564B95-7717-4529-BE40-7F8F04E03EA2}.Release|x86.Build.0 = Release|Win32
		{3EE25786-1A0B-4D4E-86C2-A70E718A3416}.Debug|x64.ActiveCfg = Debug|x64
		{3EE25786-1A0B-4D4E-86C2-A70E718A3416}.Debug|x64.Build.0 = Debug|x64
		{3EE25786-1A0B-4D4E-86C2-A70E718A3416}.Debug|x86.ActiveCfg = Debug|Win32
		{3EE25786-1A0B-4D4E-86C2-A70E718A3416}.Debug|x86.Build.0 = Debug|Win32
		{3EE25786-1A0B-4D4E-86C2-A70E718A3416}.Release|x64.ActiveCfg = Release|x64
		{3EE25786-1A0B-4D4E-86C2-A70E718A3416}.Release|x64.Build.0 = Release|x64
		{3EE25786-1A0B-4D4E-86C2-A70E718A3416}.Release|x86.ActiveCfg = Release|Win32
		{3EE25786-1A0B-4D4E-86C2-A70E718A3416}.Release|x86.Build.0 = Release|Win32
		{F14E21B3-87DB-47A3-B52D-36787AD06454}.Debug|x64.ActiveCfg = Debug|x64
		{F14E21B3-87DB-47A3-B52D-36787AD06454}.Debug|x64.Build.0 = Debug|x64
		{F14E21B3-87DB-47A3-B52D-36787AD06454}.Debug|x86.ActiveCfg = Debug|Win32
		{F14E21B3-87DB-47A3-B52D-36787AD06454}.Debug|x86.Build.0 = Debug|Win32
		{F14E21B3-87DB-47A3-B52D-36787AD06454}.Release|x64.ActiveCfg = Release|x64
		{F14E21B3-87DB-47A3-B52D-36787AD06454}.Release|x64.Build.0 = Release|x64
		{F14E21B3-87DB-47A3-B52D-36787AD06454}.Release|x86.ActiveCfg = Release|Win32
		{F14E21B3-87DB-47A3-B52D-36787AD06454}.Release|x86.Build.0 = Release|Win32
		{540574A7-F754-4F1D-B57C-6AD18B4423C6}.Debug|x64.ActiveCfg = Debug|x64
		{540574A7-F754-4F1D-B57C-6AD18B4423C6}.Debug|x64.Build.0 = Debug|x64
		{540574A7-F754-4F1D-B57C-6AD18B4423C6}.Debug|x86.ActiveCfg = Debug|Win32
		{540574A7-F754-4F1D-B57C-6AD18B4423C6}.Debug|x86.Build.0 = Debug|Win32
		{540574A7-F754-4F1D-B57C-6AD18B4423C6}.Release|x64.ActiveCfg = Release|x64
		{540574A7-F754-4F1D-B57C-6AD18B4423C6}.Release|x64.Build.0 = Release|x64
		{540574A7-F754-4F1D-B57C-6AD18B4423C6}.Release|x86.ActiveCfg = Release|Win32
		{540574A7-F754-4F1D-B57C-6AD18B4423C6}.Release|x86.Build.0 = Release|Win32
		{9A7284AB-37B7-4A9C-9401-58A5B394BFF5}.Debug|x64.ActiveCfg = Debug|x64
		{9A7284AB-37B7-4A9C-9401-58A5B394BFF5}.Debug|x64.Build.0 = Debug|x64
		{9A7284AB-37B7-4A9C-9401-58A5B394BFF5}.Debug|x86.ActiveCfg = Debug|Win32
		{9A7284AB-37B7-4A9C-9401-58A5B394BFF5}.Debug|x86.Build.0 = Debug|Win32
		{9A7284AB-37B7-4A9C-9401-58A5B394BFF5}.Release|x64.ActiveCfg = Release|x64
		{9A7284AB-37B7-4A9C-9401-58A5B394BFF5}.Release|x64.Build.0 = Release|x64
		{9A7284AB-37B7-4A9C-9401-58A5B394BFF5}.Release|x86.ActiveCfg = Release|Win32
		{9A7284AB-37B7-4A9C-9401-58A5B394BFF5}.Release|x86.Build.0 = Release|Win32
		{0F63A25D-4434-4639-952A-8122179D19DE}.Debug|x64.ActiveCfg = Debug|x64
		{0F63A25D-4434-4639-952A-8122179D19DE}.Debug|x64.Build.0 = Debug|x64
		{0F63A25D-4434-4639-952A-8122179D19DE}.Debug|x86.ActiveCfg = Debug|Win32
		{0F63A25D-4434-4639-952A-8122179D19DE}.Debug|x86.Build.0 = Debug|Win32
		{0F63A25D-4434-4639-952A-8122179D19DE}.Release|x64.ActiveCfg = Release|x64
		{0F63A25D-4434-4639-952A-8122179D19DE}.Release|x64.Build.0 = Release|x64
		{0F63A25D-4434-4639-952A-8122179D19DE}.Release|x86.ActiveCfg = Release|Win32
		{0F63A25D-4434-4639-952A-8122179D19DE}.Release|x86.Build.0 = Release|Win32
		{9B74E7E9-E292-4580-A454-926A5EB4F38F}.Debug|x64.ActiveCfg = Debug|x64
		{9B74E7E9-E292-4580-A454-926A5EB4F38F}.Debug|x64.Build.0 = Debug|x64
		{9B74E7E9-E292-4580-A454-926A5EB4F38F}.Debug|x86.ActiveCfg = Debug|Win32
		{9B74E7E9-E292-4580-A454-926A5EB4F38F}.Debug|x86.Build.0 = Debug|Win32
		{9B74E7E9-E292-4580-A454-926A5EB4F38F}.Release|x64.ActiveCfg = Release|x64
		{9B74E7E9-E292-4580-A454-926A5EB4F38F}.Release|x64.Build.0 = Release|x64
		{9B74E7E9-E292-4580-A454-926A5EB4F38F}.Release|x86.ActiveCfg = Release|Win32
		{9B74E7E9-E292-4580-A454-926A5EB4F38F}.Release|x86.Build.0 = Release|Win32
	EndGlobalSection
	GlobalSection(SolutionProperties) = preSolution
		HideSolutionNode = FALSE
	EndGlobalSection
EndGlobal
